// !$*UTF8*$!
{
	archiveVersion = 1;
	classes = {
	};
	objectVersion = 56;
	objects = {

/* Begin PBXBuildFile section */
		361F1FE42A66CEEB00CC2F5B /* RelaxMode.swift in Sources */ = {isa = PBXBuildFile; fileRef = 361F1FE32A66CEEB00CC2F5B /* RelaxMode.swift */; };
		361F1FED2A66D2EB00CC2F5B /* EnterCreate.png in Resources */ = {isa = PBXBuildFile; fileRef = 361F1FEC2A66D2EB00CC2F5B /* EnterCreate.png */; };
		361F1FEE2A66D2EB00CC2F5B /* EnterCreate.png in Resources */ = {isa = PBXBuildFile; fileRef = 361F1FEC2A66D2EB00CC2F5B /* EnterCreate.png */; };
		361F1FEF2A66D2EB00CC2F5B /* EnterCreate.png in Resources */ = {isa = PBXBuildFile; fileRef = 361F1FEC2A66D2EB00CC2F5B /* EnterCreate.png */; };
		361F1FF12A66DFF400CC2F5B /* 微信.svg in Resources */ = {isa = PBXBuildFile; fileRef = 361F1FF02A66DFF400CC2F5B /* 微信.svg */; };
		361F1FF22A66DFF400CC2F5B /* 微信.svg in Resources */ = {isa = PBXBuildFile; fileRef = 361F1FF02A66DFF400CC2F5B /* 微信.svg */; };
		361F1FF32A66DFF400CC2F5B /* 微信.svg in Resources */ = {isa = PBXBuildFile; fileRef = 361F1FF02A66DFF400CC2F5B /* 微信.svg */; };
		361F1FF52A66E23700CC2F5B /* 手机.svg in Resources */ = {isa = PBXBuildFile; fileRef = 361F1FF42A66E23700CC2F5B /* 手机.svg */; };
		361F1FF62A66E23700CC2F5B /* 手机.svg in Resources */ = {isa = PBXBuildFile; fileRef = 361F1FF42A66E23700CC2F5B /* 手机.svg */; };
		361F1FF72A66E23700CC2F5B /* 手机.svg in Resources */ = {isa = PBXBuildFile; fileRef = 361F1FF42A66E23700CC2F5B /* 手机.svg */; };
		361F1FF92A66E24200CC2F5B /* apple.svg in Resources */ = {isa = PBXBuildFile; fileRef = 361F1FF82A66E24200CC2F5B /* apple.svg */; };
		361F1FFA2A66E24200CC2F5B /* apple.svg in Resources */ = {isa = PBXBuildFile; fileRef = 361F1FF82A66E24200CC2F5B /* apple.svg */; };
		361F1FFB2A66E24200CC2F5B /* apple.svg in Resources */ = {isa = PBXBuildFile; fileRef = 361F1FF82A66E24200CC2F5B /* apple.svg */; };
		3637F6C82A6A5763004FEB42 /* Yue.swift in Sources */ = {isa = PBXBuildFile; fileRef = 3637F6C72A6A5763004FEB42 /* Yue.swift */; };
		3637F6CA2A6A6023004FEB42 /* RabbitEyesClosed.png in Resources */ = {isa = PBXBuildFile; fileRef = 3637F6C92A6A6023004FEB42 /* RabbitEyesClosed.png */; };
		3637F6CB2A6A6023004FEB42 /* RabbitEyesClosed.png in Resources */ = {isa = PBXBuildFile; fileRef = 3637F6C92A6A6023004FEB42 /* RabbitEyesClosed.png */; };
		3637F6CC2A6A6023004FEB42 /* RabbitEyesClosed.png in Resources */ = {isa = PBXBuildFile; fileRef = 3637F6C92A6A6023004FEB42 /* RabbitEyesClosed.png */; };
		365121BC2A7285950071D1C1 /* CountScoreView.swift in Sources */ = {isa = PBXBuildFile; fileRef = 365121BB2A7285950071D1C1 /* CountScoreView.swift */; };
		365121BD2A7285950071D1C1 /* CountScoreView.swift in Sources */ = {isa = PBXBuildFile; fileRef = 365121BB2A7285950071D1C1 /* CountScoreView.swift */; };
		365121BE2A7285950071D1C1 /* CountScoreView.swift in Sources */ = {isa = PBXBuildFile; fileRef = 365121BB2A7285950071D1C1 /* CountScoreView.swift */; };
		365CF7FB2A6CECD30007A2CF /* GameBoard.swift in Sources */ = {isa = PBXBuildFile; fileRef = 365CF7FA2A6CECD30007A2CF /* GameBoard.swift */; };
		365CF7FD2A6D0EF10007A2CF /* pianoA.mp3 in Resources */ = {isa = PBXBuildFile; fileRef = 365CF7FC2A6D0EF10007A2CF /* pianoA.mp3 */; };
		365CF7FE2A6D0EF10007A2CF /* pianoA.mp3 in Resources */ = {isa = PBXBuildFile; fileRef = 365CF7FC2A6D0EF10007A2CF /* pianoA.mp3 */; };
		365CF7FF2A6D0EF10007A2CF /* pianoA.mp3 in Resources */ = {isa = PBXBuildFile; fileRef = 365CF7FC2A6D0EF10007A2CF /* pianoA.mp3 */; };
		365CF8062A6D67F90007A2CF /* head.dae in Resources */ = {isa = PBXBuildFile; fileRef = 365CF8052A6D67F90007A2CF /* head.dae */; };
		365CF8072A6D67F90007A2CF /* head.dae in Resources */ = {isa = PBXBuildFile; fileRef = 365CF8052A6D67F90007A2CF /* head.dae */; };
		365CF8082A6D67F90007A2CF /* head.dae in Resources */ = {isa = PBXBuildFile; fileRef = 365CF8052A6D67F90007A2CF /* head.dae */; };
		365CF80A2A6D68140007A2CF /* neck.dae in Resources */ = {isa = PBXBuildFile; fileRef = 365CF8092A6D68140007A2CF /* neck.dae */; };
		365CF80B2A6D68140007A2CF /* neck.dae in Resources */ = {isa = PBXBuildFile; fileRef = 365CF8092A6D68140007A2CF /* neck.dae */; };
		365CF80C2A6D68140007A2CF /* neck.dae in Resources */ = {isa = PBXBuildFile; fileRef = 365CF8092A6D68140007A2CF /* neck.dae */; };
		365CF80E2A6D68760007A2CF /* SwiftUIView.swift in Sources */ = {isa = PBXBuildFile; fileRef = 365CF80D2A6D68760007A2CF /* SwiftUIView.swift */; };
		365CF80F2A6D68760007A2CF /* SwiftUIView.swift in Sources */ = {isa = PBXBuildFile; fileRef = 365CF80D2A6D68760007A2CF /* SwiftUIView.swift */; };
		365CF8102A6D68760007A2CF /* SwiftUIView.swift in Sources */ = {isa = PBXBuildFile; fileRef = 365CF80D2A6D68760007A2CF /* SwiftUIView.swift */; };
		3664C3DD2A68EB86004486EB /* SongSelectionView.swift in Sources */ = {isa = PBXBuildFile; fileRef = 3664C3DC2A68EB86004486EB /* SongSelectionView.swift */; };
		3664C3DE2A68EB86004486EB /* SongSelectionView.swift in Sources */ = {isa = PBXBuildFile; fileRef = 3664C3DC2A68EB86004486EB /* SongSelectionView.swift */; };
		3664C3DF2A68EB86004486EB /* SongSelectionView.swift in Sources */ = {isa = PBXBuildFile; fileRef = 3664C3DC2A68EB86004486EB /* SongSelectionView.swift */; };
		3664C3E12A695E2A004486EB /* Ellipse 846.png in Resources */ = {isa = PBXBuildFile; fileRef = 3664C3E02A695E2A004486EB /* Ellipse 846.png */; };
		3664C3E22A695E2A004486EB /* Ellipse 846.png in Resources */ = {isa = PBXBuildFile; fileRef = 3664C3E02A695E2A004486EB /* Ellipse 846.png */; };
		3664C3E32A695E2A004486EB /* Ellipse 846.png in Resources */ = {isa = PBXBuildFile; fileRef = 3664C3E02A695E2A004486EB /* Ellipse 846.png */; };
		3664C3E52A695E34004486EB /* rabbit.png in Resources */ = {isa = PBXBuildFile; fileRef = 3664C3E42A695E34004486EB /* rabbit.png */; };
		3664C3E62A695E34004486EB /* rabbit.png in Resources */ = {isa = PBXBuildFile; fileRef = 3664C3E42A695E34004486EB /* rabbit.png */; };
		3664C3E72A695E34004486EB /* rabbit.png in Resources */ = {isa = PBXBuildFile; fileRef = 3664C3E42A695E34004486EB /* rabbit.png */; };
		3664C3E92A695E9D004486EB /* Relaxing.swift in Sources */ = {isa = PBXBuildFile; fileRef = 3664C3E82A695E9D004486EB /* Relaxing.swift */; };
		3664C3EA2A695E9D004486EB /* Relaxing.swift in Sources */ = {isa = PBXBuildFile; fileRef = 3664C3E82A695E9D004486EB /* Relaxing.swift */; };
		3664C3EB2A695E9D004486EB /* Relaxing.swift in Sources */ = {isa = PBXBuildFile; fileRef = 3664C3E82A695E9D004486EB /* Relaxing.swift */; };
		3664C3ED2A6968FD004486EB /* rabbit2.png in Resources */ = {isa = PBXBuildFile; fileRef = 3664C3EC2A6968FD004486EB /* rabbit2.png */; };
		3664C3EE2A6968FD004486EB /* rabbit2.png in Resources */ = {isa = PBXBuildFile; fileRef = 3664C3EC2A6968FD004486EB /* rabbit2.png */; };
		3664C3EF2A6968FD004486EB /* rabbit2.png in Resources */ = {isa = PBXBuildFile; fileRef = 3664C3EC2A6968FD004486EB /* rabbit2.png */; };
		366576DD2A46B6C5008C166D /* yuedong002App.swift in Sources */ = {isa = PBXBuildFile; fileRef = 366576DC2A46B6C5008C166D /* yuedong002App.swift */; };
		366576DF2A46B6C5008C166D /* ContentView.swift in Sources */ = {isa = PBXBuildFile; fileRef = 366576DE2A46B6C5008C166D /* ContentView.swift */; };
		366576E12A46B6C6008C166D /* Assets.xcassets in Resources */ = {isa = PBXBuildFile; fileRef = 366576E02A46B6C6008C166D /* Assets.xcassets */; };
		366576E52A46B6C6008C166D /* Preview Assets.xcassets in Resources */ = {isa = PBXBuildFile; fileRef = 366576E42A46B6C6008C166D /* Preview Assets.xcassets */; };
		366576EF2A46B6C6008C166D /* yuedong002Tests.swift in Sources */ = {isa = PBXBuildFile; fileRef = 366576EE2A46B6C6008C166D /* yuedong002Tests.swift */; };
		366576F92A46B6C6008C166D /* yuedong002UITests.swift in Sources */ = {isa = PBXBuildFile; fileRef = 366576F82A46B6C6008C166D /* yuedong002UITests.swift */; };
		366576FB2A46B6C6008C166D /* yuedong002UITestsLaunchTests.swift in Sources */ = {isa = PBXBuildFile; fileRef = 366576FA2A46B6C6008C166D /* yuedong002UITestsLaunchTests.swift */; };
		366577102A46B723008C166D /* pianoD.mp3 in Resources */ = {isa = PBXBuildFile; fileRef = 366577082A46B722008C166D /* pianoD.mp3 */; };
		366577112A46B723008C166D /* pianoD.mp3 in Resources */ = {isa = PBXBuildFile; fileRef = 366577082A46B722008C166D /* pianoD.mp3 */; };
		366577122A46B723008C166D /* pianoD.mp3 in Resources */ = {isa = PBXBuildFile; fileRef = 366577082A46B722008C166D /* pianoD.mp3 */; };
		366577132A46B723008C166D /* pianoC2.mp3 in Resources */ = {isa = PBXBuildFile; fileRef = 366577092A46B722008C166D /* pianoC2.mp3 */; };
		366577142A46B723008C166D /* pianoC2.mp3 in Resources */ = {isa = PBXBuildFile; fileRef = 366577092A46B722008C166D /* pianoC2.mp3 */; };
		366577152A46B723008C166D /* pianoC2.mp3 in Resources */ = {isa = PBXBuildFile; fileRef = 366577092A46B722008C166D /* pianoC2.mp3 */; };
		366577192A46B723008C166D /* pianoE.mp3 in Resources */ = {isa = PBXBuildFile; fileRef = 3665770B2A46B723008C166D /* pianoE.mp3 */; };
		3665771A2A46B723008C166D /* pianoE.mp3 in Resources */ = {isa = PBXBuildFile; fileRef = 3665770B2A46B723008C166D /* pianoE.mp3 */; };
		3665771B2A46B723008C166D /* pianoE.mp3 in Resources */ = {isa = PBXBuildFile; fileRef = 3665770B2A46B723008C166D /* pianoE.mp3 */; };
		3665771C2A46B723008C166D /* pianoG.mp3 in Resources */ = {isa = PBXBuildFile; fileRef = 3665770C2A46B723008C166D /* pianoG.mp3 */; };
		3665771D2A46B723008C166D /* pianoG.mp3 in Resources */ = {isa = PBXBuildFile; fileRef = 3665770C2A46B723008C166D /* pianoG.mp3 */; };
		3665771E2A46B723008C166D /* pianoG.mp3 in Resources */ = {isa = PBXBuildFile; fileRef = 3665770C2A46B723008C166D /* pianoG.mp3 */; };
		3665771F2A46B723008C166D /* pianoC.mp3 in Resources */ = {isa = PBXBuildFile; fileRef = 3665770D2A46B723008C166D /* pianoC.mp3 */; };
		366577202A46B723008C166D /* pianoC.mp3 in Resources */ = {isa = PBXBuildFile; fileRef = 3665770D2A46B723008C166D /* pianoC.mp3 */; };
		366577212A46B723008C166D /* pianoC.mp3 in Resources */ = {isa = PBXBuildFile; fileRef = 3665770D2A46B723008C166D /* pianoC.mp3 */; };
		366577222A46B723008C166D /* pianoB.mp3 in Resources */ = {isa = PBXBuildFile; fileRef = 3665770E2A46B723008C166D /* pianoB.mp3 */; };
		366577232A46B723008C166D /* pianoB.mp3 in Resources */ = {isa = PBXBuildFile; fileRef = 3665770E2A46B723008C166D /* pianoB.mp3 */; };
		366577242A46B723008C166D /* pianoB.mp3 in Resources */ = {isa = PBXBuildFile; fileRef = 3665770E2A46B723008C166D /* pianoB.mp3 */; };
		366577252A46B723008C166D /* pianoF.mp3 in Resources */ = {isa = PBXBuildFile; fileRef = 3665770F2A46B723008C166D /* pianoF.mp3 */; };
		366577262A46B723008C166D /* pianoF.mp3 in Resources */ = {isa = PBXBuildFile; fileRef = 3665770F2A46B723008C166D /* pianoF.mp3 */; };
		366577272A46B723008C166D /* pianoF.mp3 in Resources */ = {isa = PBXBuildFile; fileRef = 3665770F2A46B723008C166D /* pianoF.mp3 */; };
		3665772D2A46B75C008C166D /* 0614spatial_moonriver.mp3 in Resources */ = {isa = PBXBuildFile; fileRef = 3665772C2A46B75C008C166D /* 0614spatial_moonriver.mp3 */; };
		3665772E2A46B75C008C166D /* 0614spatial_moonriver.mp3 in Resources */ = {isa = PBXBuildFile; fileRef = 3665772C2A46B75C008C166D /* 0614spatial_moonriver.mp3 */; };
		3665772F2A46B75C008C166D /* 0614spatial_moonriver.mp3 in Resources */ = {isa = PBXBuildFile; fileRef = 3665772C2A46B75C008C166D /* 0614spatial_moonriver.mp3 */; };
		366577332A46B7E6008C166D /* MotionManager.swift in Sources */ = {isa = PBXBuildFile; fileRef = 366577322A46B7E6008C166D /* MotionManager.swift */; };
		366577342A46B7E6008C166D /* MotionManager.swift in Sources */ = {isa = PBXBuildFile; fileRef = 366577322A46B7E6008C166D /* MotionManager.swift */; };
		366577352A46B7E6008C166D /* MotionManager.swift in Sources */ = {isa = PBXBuildFile; fileRef = 366577322A46B7E6008C166D /* MotionManager.swift */; };
		366577372A46B7EF008C166D /* SoundSystem.swift in Sources */ = {isa = PBXBuildFile; fileRef = 366577362A46B7EF008C166D /* SoundSystem.swift */; };
		366577382A46B7EF008C166D /* SoundSystem.swift in Sources */ = {isa = PBXBuildFile; fileRef = 366577362A46B7EF008C166D /* SoundSystem.swift */; };
		366577392A46B7EF008C166D /* SoundSystem.swift in Sources */ = {isa = PBXBuildFile; fileRef = 366577362A46B7EF008C166D /* SoundSystem.swift */; };
		3665773C2A46B82A008C166D /* ContentView3.swift in Sources */ = {isa = PBXBuildFile; fileRef = 3665773B2A46B82A008C166D /* ContentView3.swift */; };
		3665773D2A46B82A008C166D /* ContentView3.swift in Sources */ = {isa = PBXBuildFile; fileRef = 3665773B2A46B82A008C166D /* ContentView3.swift */; };
		3665773E2A46B82A008C166D /* ContentView3.swift in Sources */ = {isa = PBXBuildFile; fileRef = 3665773B2A46B82A008C166D /* ContentView3.swift */; };
		366577402A46B832008C166D /* CreateMode.swift in Sources */ = {isa = PBXBuildFile; fileRef = 3665773F2A46B832008C166D /* CreateMode.swift */; };
		366577412A46B832008C166D /* CreateMode.swift in Sources */ = {isa = PBXBuildFile; fileRef = 3665773F2A46B832008C166D /* CreateMode.swift */; };
		366577422A46B832008C166D /* CreateMode.swift in Sources */ = {isa = PBXBuildFile; fileRef = 3665773F2A46B832008C166D /* CreateMode.swift */; };
		366577442A46B83F008C166D /* serverRequests.swift in Sources */ = {isa = PBXBuildFile; fileRef = 366577432A46B83F008C166D /* serverRequests.swift */; };
		366577452A46B83F008C166D /* serverRequests.swift in Sources */ = {isa = PBXBuildFile; fileRef = 366577432A46B83F008C166D /* serverRequests.swift */; };
		366577462A46B83F008C166D /* serverRequests.swift in Sources */ = {isa = PBXBuildFile; fileRef = 366577432A46B83F008C166D /* serverRequests.swift */; };
		366577482A46B8B5008C166D /* soundVars.swift in Sources */ = {isa = PBXBuildFile; fileRef = 366577472A46B8B5008C166D /* soundVars.swift */; };
		366577492A46B8B5008C166D /* soundVars.swift in Sources */ = {isa = PBXBuildFile; fileRef = 366577472A46B8B5008C166D /* soundVars.swift */; };
		3665774A2A46B8B5008C166D /* soundVars.swift in Sources */ = {isa = PBXBuildFile; fileRef = 366577472A46B8B5008C166D /* soundVars.swift */; };
		3698D5722A6D76350003C037 /* GiraffeScene.swift in Sources */ = {isa = PBXBuildFile; fileRef = 3698D5712A6D76350003C037 /* GiraffeScene.swift */; };
		3698D5742A6E908F0003C037 /* leaf.png in Resources */ = {isa = PBXBuildFile; fileRef = 3698D5732A6E908F0003C037 /* leaf.png */; };
		3698D5752A6E908F0003C037 /* leaf.png in Resources */ = {isa = PBXBuildFile; fileRef = 3698D5732A6E908F0003C037 /* leaf.png */; };
		3698D5762A6E908F0003C037 /* leaf.png in Resources */ = {isa = PBXBuildFile; fileRef = 3698D5732A6E908F0003C037 /* leaf.png */; };
		3698D5802A6EA7F90003C037 /* giraffe.dae in Resources */ = {isa = PBXBuildFile; fileRef = 3698D57F2A6EA7F90003C037 /* giraffe.dae */; };
		3698D5812A6EA7F90003C037 /* giraffe.dae in Resources */ = {isa = PBXBuildFile; fileRef = 3698D57F2A6EA7F90003C037 /* giraffe.dae */; };
		3698D5822A6EA7F90003C037 /* giraffe.dae in Resources */ = {isa = PBXBuildFile; fileRef = 3698D57F2A6EA7F90003C037 /* giraffe.dae */; };
		3698D5842A6FDA510003C037 /* monoPianoD.mp3 in Resources */ = {isa = PBXBuildFile; fileRef = 3698D5832A6FDA510003C037 /* monoPianoD.mp3 */; };
		3698D5852A6FDA510003C037 /* monoPianoD.mp3 in Resources */ = {isa = PBXBuildFile; fileRef = 3698D5832A6FDA510003C037 /* monoPianoD.mp3 */; };
		3698D5862A6FDA510003C037 /* monoPianoD.mp3 in Resources */ = {isa = PBXBuildFile; fileRef = 3698D5832A6FDA510003C037 /* monoPianoD.mp3 */; };
		3698D5882A703D860003C037 /* giraffe0.dae in Resources */ = {isa = PBXBuildFile; fileRef = 3698D5872A703D860003C037 /* giraffe0.dae */; };
		3698D5892A703D860003C037 /* giraffe0.dae in Resources */ = {isa = PBXBuildFile; fileRef = 3698D5872A703D860003C037 /* giraffe0.dae */; };
		3698D58A2A703D860003C037 /* giraffe0.dae in Resources */ = {isa = PBXBuildFile; fileRef = 3698D5872A703D860003C037 /* giraffe0.dae */; };
		3698D58C2A7048BE0003C037 /* gameBackgroundSourceImage.jpeg in Resources */ = {isa = PBXBuildFile; fileRef = 3698D58B2A7048BE0003C037 /* gameBackgroundSourceImage.jpeg */; };
		3698D58D2A7048BE0003C037 /* gameBackgroundSourceImage.jpeg in Resources */ = {isa = PBXBuildFile; fileRef = 3698D58B2A7048BE0003C037 /* gameBackgroundSourceImage.jpeg */; };
		3698D58E2A7048BE0003C037 /* gameBackgroundSourceImage.jpeg in Resources */ = {isa = PBXBuildFile; fileRef = 3698D58B2A7048BE0003C037 /* gameBackgroundSourceImage.jpeg */; };
		3698D5902A7049DF0003C037 /* gameBackgroundLayer.png in Resources */ = {isa = PBXBuildFile; fileRef = 3698D58F2A7049DF0003C037 /* gameBackgroundLayer.png */; };
		3698D5912A7049DF0003C037 /* gameBackgroundLayer.png in Resources */ = {isa = PBXBuildFile; fileRef = 3698D58F2A7049DF0003C037 /* gameBackgroundLayer.png */; };
		3698D5922A7049DF0003C037 /* gameBackgroundLayer.png in Resources */ = {isa = PBXBuildFile; fileRef = 3698D58F2A7049DF0003C037 /* gameBackgroundLayer.png */; };
		36A688592A68E7D300397F06 /* EnterRelax.png in Resources */ = {isa = PBXBuildFile; fileRef = 36A688582A68E7D300397F06 /* EnterRelax.png */; };
		36A6885A2A68E7D300397F06 /* EnterRelax.png in Resources */ = {isa = PBXBuildFile; fileRef = 36A688582A68E7D300397F06 /* EnterRelax.png */; };
		36A6885B2A68E7D300397F06 /* EnterRelax.png in Resources */ = {isa = PBXBuildFile; fileRef = 36A688582A68E7D300397F06 /* EnterRelax.png */; };
		36D15EA02A71823600BC1967 /* DottedCircleView.swift in Sources */ = {isa = PBXBuildFile; fileRef = 36D15E9F2A71823600BC1967 /* DottedCircleView.swift */; };
		36D15EA12A71823600BC1967 /* DottedCircleView.swift in Sources */ = {isa = PBXBuildFile; fileRef = 36D15E9F2A71823600BC1967 /* DottedCircleView.swift */; };
		36D15EA22A71823600BC1967 /* DottedCircleView.swift in Sources */ = {isa = PBXBuildFile; fileRef = 36D15E9F2A71823600BC1967 /* DottedCircleView.swift */; };
		36D15EA42A72398600BC1967 /* StyledGauge.swift in Sources */ = {isa = PBXBuildFile; fileRef = 36D15EA32A72398600BC1967 /* StyledGauge.swift */; };
		36D15EA52A72398600BC1967 /* StyledGauge.swift in Sources */ = {isa = PBXBuildFile; fileRef = 36D15EA32A72398600BC1967 /* StyledGauge.swift */; };
		36D15EA62A72398600BC1967 /* StyledGauge.swift in Sources */ = {isa = PBXBuildFile; fileRef = 36D15EA32A72398600BC1967 /* StyledGauge.swift */; };
		36D15EA82A72674900BC1967 /* ruling.png in Resources */ = {isa = PBXBuildFile; fileRef = 36D15EA72A72674900BC1967 /* ruling.png */; };
		36D15EA92A72674900BC1967 /* ruling.png in Resources */ = {isa = PBXBuildFile; fileRef = 36D15EA72A72674900BC1967 /* ruling.png */; };
		36D15EAA2A72674900BC1967 /* ruling.png in Resources */ = {isa = PBXBuildFile; fileRef = 36D15EA72A72674900BC1967 /* ruling.png */; };
		36D15EAC2A7280A200BC1967 /* songEnd.png in Resources */ = {isa = PBXBuildFile; fileRef = 36D15EAB2A7280A200BC1967 /* songEnd.png */; };
		36D15EAD2A7280A200BC1967 /* songEnd.png in Resources */ = {isa = PBXBuildFile; fileRef = 36D15EAB2A7280A200BC1967 /* songEnd.png */; };
		36D15EAE2A7280A200BC1967 /* songEnd.png in Resources */ = {isa = PBXBuildFile; fileRef = 36D15EAB2A7280A200BC1967 /* songEnd.png */; };
		36EC1E102A6BCA82009E5351 /* SpatialAudio.swift in Sources */ = {isa = PBXBuildFile; fileRef = 36EC1E0F2A6BCA82009E5351 /* SpatialAudio.swift */; };
		36EC1E112A6BCA82009E5351 /* SpatialAudio.swift in Sources */ = {isa = PBXBuildFile; fileRef = 36EC1E0F2A6BCA82009E5351 /* SpatialAudio.swift */; };
		36EC1E122A6BCA82009E5351 /* SpatialAudio.swift in Sources */ = {isa = PBXBuildFile; fileRef = 36EC1E0F2A6BCA82009E5351 /* SpatialAudio.swift */; };
		36EC1E142A6BCEA2009E5351 /* moonriver.mp3 in Resources */ = {isa = PBXBuildFile; fileRef = 36EC1E132A6BCEA1009E5351 /* moonriver.mp3 */; };
		36EC1E152A6BCEA2009E5351 /* moonriver.mp3 in Resources */ = {isa = PBXBuildFile; fileRef = 36EC1E132A6BCEA1009E5351 /* moonriver.mp3 */; };
		36EC1E162A6BCEA2009E5351 /* moonriver.mp3 in Resources */ = {isa = PBXBuildFile; fileRef = 36EC1E132A6BCEA1009E5351 /* moonriver.mp3 */; };
		36EC1E182A6CBAC3009E5351 /* monoMoonriver.mp3 in Resources */ = {isa = PBXBuildFile; fileRef = 36EC1E172A6CBAC3009E5351 /* monoMoonriver.mp3 */; };
		36EC1E192A6CBAC3009E5351 /* monoMoonriver.mp3 in Resources */ = {isa = PBXBuildFile; fileRef = 36EC1E172A6CBAC3009E5351 /* monoMoonriver.mp3 */; };
		36EC1E1A2A6CBAC3009E5351 /* monoMoonriver.mp3 in Resources */ = {isa = PBXBuildFile; fileRef = 36EC1E172A6CBAC3009E5351 /* monoMoonriver.mp3 */; };
		36EC1E1C2A6CCA81009E5351 /* PanView.swift in Sources */ = {isa = PBXBuildFile; fileRef = 36EC1E1B2A6CCA81009E5351 /* PanView.swift */; };
		36EC1E1D2A6CCA81009E5351 /* PanView.swift in Sources */ = {isa = PBXBuildFile; fileRef = 36EC1E1B2A6CCA81009E5351 /* PanView.swift */; };
		36EC1E1E2A6CCA81009E5351 /* PanView.swift in Sources */ = {isa = PBXBuildFile; fileRef = 36EC1E1B2A6CCA81009E5351 /* PanView.swift */; };
		36F4198C2A46C62700B11D59 /* MotionStateView.swift in Sources */ = {isa = PBXBuildFile; fileRef = 36F4198B2A46C62700B11D59 /* MotionStateView.swift */; };
		36F4198E2A46D4FF00B11D59 /* gs_instruments.dls in Resources */ = {isa = PBXBuildFile; fileRef = 36F4198D2A46D4FF00B11D59 /* gs_instruments.dls */; };
		36F4198F2A46D4FF00B11D59 /* gs_instruments.dls in Resources */ = {isa = PBXBuildFile; fileRef = 36F4198D2A46D4FF00B11D59 /* gs_instruments.dls */; };
		36F419902A46D4FF00B11D59 /* gs_instruments.dls in Resources */ = {isa = PBXBuildFile; fileRef = 36F4198D2A46D4FF00B11D59 /* gs_instruments.dls */; };
		36F419922A49964D00B11D59 /* MainNavigation.swift in Sources */ = {isa = PBXBuildFile; fileRef = 36F419912A49964D00B11D59 /* MainNavigation.swift */; };
		36F419932A49964D00B11D59 /* MainNavigation.swift in Sources */ = {isa = PBXBuildFile; fileRef = 36F419912A49964D00B11D59 /* MainNavigation.swift */; };
		36F419942A49964D00B11D59 /* MainNavigation.swift in Sources */ = {isa = PBXBuildFile; fileRef = 36F419912A49964D00B11D59 /* MainNavigation.swift */; };
		36F419982A5718DD00B11D59 /* MusicInfo.swift in Sources */ = {isa = PBXBuildFile; fileRef = 36F419972A5718DD00B11D59 /* MusicInfo.swift */; };
		36F419992A5718DD00B11D59 /* MusicInfo.swift in Sources */ = {isa = PBXBuildFile; fileRef = 36F419972A5718DD00B11D59 /* MusicInfo.swift */; };
		36F4199A2A5718DD00B11D59 /* MusicInfo.swift in Sources */ = {isa = PBXBuildFile; fileRef = 36F419972A5718DD00B11D59 /* MusicInfo.swift */; };
/* End PBXBuildFile section */

/* Begin PBXContainerItemProxy section */
		366576EB2A46B6C6008C166D /* PBXContainerItemProxy */ = {
			isa = PBXContainerItemProxy;
			containerPortal = 366576D12A46B6C5008C166D /* Project object */;
			proxyType = 1;
			remoteGlobalIDString = 366576D82A46B6C5008C166D;
			remoteInfo = yuedong002;
		};
		366576F52A46B6C6008C166D /* PBXContainerItemProxy */ = {
			isa = PBXContainerItemProxy;
			containerPortal = 366576D12A46B6C5008C166D /* Project object */;
			proxyType = 1;
			remoteGlobalIDString = 366576D82A46B6C5008C166D;
			remoteInfo = yuedong002;
		};
/* End PBXContainerItemProxy section */

/* Begin PBXFileReference section */
		361F1FE32A66CEEB00CC2F5B /* RelaxMode.swift */ = {isa = PBXFileReference; lastKnownFileType = sourcecode.swift; path = RelaxMode.swift; sourceTree = "<group>"; };
		361F1FEC2A66D2EB00CC2F5B /* EnterCreate.png */ = {isa = PBXFileReference; lastKnownFileType = image.png; path = EnterCreate.png; sourceTree = "<group>"; };
		361F1FF02A66DFF400CC2F5B /* 微信.svg */ = {isa = PBXFileReference; fileEncoding = 4; lastKnownFileType = text.xml; path = "微信.svg"; sourceTree = "<group>"; };
		361F1FF42A66E23700CC2F5B /* 手机.svg */ = {isa = PBXFileReference; fileEncoding = 4; lastKnownFileType = text.xml; path = "手机.svg"; sourceTree = "<group>"; };
		361F1FF82A66E24200CC2F5B /* apple.svg */ = {isa = PBXFileReference; fileEncoding = 4; lastKnownFileType = text.xml; path = apple.svg; sourceTree = "<group>"; };
		3637F6C72A6A5763004FEB42 /* Yue.swift */ = {isa = PBXFileReference; lastKnownFileType = sourcecode.swift; path = Yue.swift; sourceTree = "<group>"; };
		3637F6C92A6A6023004FEB42 /* RabbitEyesClosed.png */ = {isa = PBXFileReference; lastKnownFileType = image.png; path = RabbitEyesClosed.png; sourceTree = "<group>"; };
		365121BB2A7285950071D1C1 /* CountScoreView.swift */ = {isa = PBXFileReference; lastKnownFileType = sourcecode.swift; path = CountScoreView.swift; sourceTree = "<group>"; };
		365CF7FA2A6CECD30007A2CF /* GameBoard.swift */ = {isa = PBXFileReference; lastKnownFileType = sourcecode.swift; path = GameBoard.swift; sourceTree = "<group>"; };
		365CF7FC2A6D0EF10007A2CF /* pianoA.mp3 */ = {isa = PBXFileReference; lastKnownFileType = audio.mp3; path = pianoA.mp3; sourceTree = "<group>"; };
		365CF8052A6D67F90007A2CF /* head.dae */ = {isa = PBXFileReference; fileEncoding = 4; lastKnownFileType = text.xml.dae; path = head.dae; sourceTree = "<group>"; };
		365CF8092A6D68140007A2CF /* neck.dae */ = {isa = PBXFileReference; fileEncoding = 4; lastKnownFileType = text.xml.dae; path = neck.dae; sourceTree = "<group>"; };
		365CF80D2A6D68760007A2CF /* SwiftUIView.swift */ = {isa = PBXFileReference; lastKnownFileType = sourcecode.swift; path = SwiftUIView.swift; sourceTree = "<group>"; };
		3664C3DC2A68EB86004486EB /* SongSelectionView.swift */ = {isa = PBXFileReference; lastKnownFileType = sourcecode.swift; path = SongSelectionView.swift; sourceTree = "<group>"; };
		3664C3E02A695E2A004486EB /* Ellipse 846.png */ = {isa = PBXFileReference; lastKnownFileType = image.png; path = "Ellipse 846.png"; sourceTree = "<group>"; };
		3664C3E42A695E34004486EB /* rabbit.png */ = {isa = PBXFileReference; lastKnownFileType = image.png; path = rabbit.png; sourceTree = "<group>"; };
		3664C3E82A695E9D004486EB /* Relaxing.swift */ = {isa = PBXFileReference; lastKnownFileType = sourcecode.swift; path = Relaxing.swift; sourceTree = "<group>"; };
		3664C3EC2A6968FD004486EB /* rabbit2.png */ = {isa = PBXFileReference; lastKnownFileType = image.png; path = rabbit2.png; sourceTree = "<group>"; };
		366576D92A46B6C5008C166D /* yuedong002.app */ = {isa = PBXFileReference; explicitFileType = wrapper.application; includeInIndex = 0; path = yuedong002.app; sourceTree = BUILT_PRODUCTS_DIR; };
		366576DC2A46B6C5008C166D /* yuedong002App.swift */ = {isa = PBXFileReference; lastKnownFileType = sourcecode.swift; path = yuedong002App.swift; sourceTree = "<group>"; };
		366576DE2A46B6C5008C166D /* ContentView.swift */ = {isa = PBXFileReference; lastKnownFileType = sourcecode.swift; path = ContentView.swift; sourceTree = "<group>"; };
		366576E02A46B6C6008C166D /* Assets.xcassets */ = {isa = PBXFileReference; lastKnownFileType = folder.assetcatalog; path = Assets.xcassets; sourceTree = "<group>"; };
		366576E22A46B6C6008C166D /* yuedong002.entitlements */ = {isa = PBXFileReference; lastKnownFileType = text.plist.entitlements; path = yuedong002.entitlements; sourceTree = "<group>"; };
		366576E42A46B6C6008C166D /* Preview Assets.xcassets */ = {isa = PBXFileReference; lastKnownFileType = folder.assetcatalog; path = "Preview Assets.xcassets"; sourceTree = "<group>"; };
		366576EA2A46B6C6008C166D /* yuedong002Tests.xctest */ = {isa = PBXFileReference; explicitFileType = wrapper.cfbundle; includeInIndex = 0; path = yuedong002Tests.xctest; sourceTree = BUILT_PRODUCTS_DIR; };
		366576EE2A46B6C6008C166D /* yuedong002Tests.swift */ = {isa = PBXFileReference; lastKnownFileType = sourcecode.swift; path = yuedong002Tests.swift; sourceTree = "<group>"; };
		366576F42A46B6C6008C166D /* yuedong002UITests.xctest */ = {isa = PBXFileReference; explicitFileType = wrapper.cfbundle; includeInIndex = 0; path = yuedong002UITests.xctest; sourceTree = BUILT_PRODUCTS_DIR; };
		366576F82A46B6C6008C166D /* yuedong002UITests.swift */ = {isa = PBXFileReference; lastKnownFileType = sourcecode.swift; path = yuedong002UITests.swift; sourceTree = "<group>"; };
		366576FA2A46B6C6008C166D /* yuedong002UITestsLaunchTests.swift */ = {isa = PBXFileReference; lastKnownFileType = sourcecode.swift; path = yuedong002UITestsLaunchTests.swift; sourceTree = "<group>"; };
		366577082A46B722008C166D /* pianoD.mp3 */ = {isa = PBXFileReference; lastKnownFileType = audio.mp3; path = pianoD.mp3; sourceTree = "<group>"; };
		366577092A46B722008C166D /* pianoC2.mp3 */ = {isa = PBXFileReference; lastKnownFileType = audio.mp3; path = pianoC2.mp3; sourceTree = "<group>"; };
		3665770B2A46B723008C166D /* pianoE.mp3 */ = {isa = PBXFileReference; lastKnownFileType = audio.mp3; path = pianoE.mp3; sourceTree = "<group>"; };
		3665770C2A46B723008C166D /* pianoG.mp3 */ = {isa = PBXFileReference; lastKnownFileType = audio.mp3; path = pianoG.mp3; sourceTree = "<group>"; };
		3665770D2A46B723008C166D /* pianoC.mp3 */ = {isa = PBXFileReference; lastKnownFileType = audio.mp3; path = pianoC.mp3; sourceTree = "<group>"; };
		3665770E2A46B723008C166D /* pianoB.mp3 */ = {isa = PBXFileReference; lastKnownFileType = audio.mp3; path = pianoB.mp3; sourceTree = "<group>"; };
		3665770F2A46B723008C166D /* pianoF.mp3 */ = {isa = PBXFileReference; lastKnownFileType = audio.mp3; path = pianoF.mp3; sourceTree = "<group>"; };
		3665772C2A46B75C008C166D /* 0614spatial_moonriver.mp3 */ = {isa = PBXFileReference; lastKnownFileType = audio.mp3; path = 0614spatial_moonriver.mp3; sourceTree = "<group>"; };
		366577322A46B7E6008C166D /* MotionManager.swift */ = {isa = PBXFileReference; fileEncoding = 4; lastKnownFileType = sourcecode.swift; path = MotionManager.swift; sourceTree = "<group>"; };
		366577362A46B7EF008C166D /* SoundSystem.swift */ = {isa = PBXFileReference; fileEncoding = 4; lastKnownFileType = sourcecode.swift; path = SoundSystem.swift; sourceTree = "<group>"; };
		3665773B2A46B82A008C166D /* ContentView3.swift */ = {isa = PBXFileReference; fileEncoding = 4; lastKnownFileType = sourcecode.swift; path = ContentView3.swift; sourceTree = "<group>"; };
		3665773F2A46B832008C166D /* CreateMode.swift */ = {isa = PBXFileReference; fileEncoding = 4; lastKnownFileType = sourcecode.swift; path = CreateMode.swift; sourceTree = "<group>"; };
		366577432A46B83F008C166D /* serverRequests.swift */ = {isa = PBXFileReference; fileEncoding = 4; lastKnownFileType = sourcecode.swift; path = serverRequests.swift; sourceTree = "<group>"; };
		366577472A46B8B5008C166D /* soundVars.swift */ = {isa = PBXFileReference; lastKnownFileType = sourcecode.swift; path = soundVars.swift; sourceTree = "<group>"; };
		3698D5712A6D76350003C037 /* GiraffeScene.swift */ = {isa = PBXFileReference; lastKnownFileType = sourcecode.swift; path = GiraffeScene.swift; sourceTree = "<group>"; };
		3698D5732A6E908F0003C037 /* leaf.png */ = {isa = PBXFileReference; lastKnownFileType = image.png; path = leaf.png; sourceTree = "<group>"; };
		3698D57F2A6EA7F90003C037 /* giraffe.dae */ = {isa = PBXFileReference; fileEncoding = 4; lastKnownFileType = text.xml.dae; path = giraffe.dae; sourceTree = "<group>"; };
		3698D5832A6FDA510003C037 /* monoPianoD.mp3 */ = {isa = PBXFileReference; lastKnownFileType = audio.mp3; path = monoPianoD.mp3; sourceTree = "<group>"; };
		3698D5872A703D860003C037 /* giraffe0.dae */ = {isa = PBXFileReference; fileEncoding = 4; lastKnownFileType = text.xml.dae; path = giraffe0.dae; sourceTree = "<group>"; };
		3698D58B2A7048BE0003C037 /* gameBackgroundSourceImage.jpeg */ = {isa = PBXFileReference; lastKnownFileType = image.jpeg; path = gameBackgroundSourceImage.jpeg; sourceTree = "<group>"; };
		3698D58F2A7049DF0003C037 /* gameBackgroundLayer.png */ = {isa = PBXFileReference; lastKnownFileType = image.png; path = gameBackgroundLayer.png; sourceTree = "<group>"; };
		36A688582A68E7D300397F06 /* EnterRelax.png */ = {isa = PBXFileReference; lastKnownFileType = image.png; path = EnterRelax.png; sourceTree = "<group>"; };
		36D15E9F2A71823600BC1967 /* DottedCircleView.swift */ = {isa = PBXFileReference; lastKnownFileType = sourcecode.swift; path = DottedCircleView.swift; sourceTree = "<group>"; };
		36D15EA32A72398600BC1967 /* StyledGauge.swift */ = {isa = PBXFileReference; lastKnownFileType = sourcecode.swift; path = StyledGauge.swift; sourceTree = "<group>"; };
		36D15EA72A72674900BC1967 /* ruling.png */ = {isa = PBXFileReference; lastKnownFileType = image.png; path = ruling.png; sourceTree = "<group>"; };
		36D15EAB2A7280A200BC1967 /* songEnd.png */ = {isa = PBXFileReference; lastKnownFileType = image.png; path = songEnd.png; sourceTree = "<group>"; };
		36EC1E0F2A6BCA82009E5351 /* SpatialAudio.swift */ = {isa = PBXFileReference; lastKnownFileType = sourcecode.swift; path = SpatialAudio.swift; sourceTree = "<group>"; };
		36EC1E132A6BCEA1009E5351 /* moonriver.mp3 */ = {isa = PBXFileReference; lastKnownFileType = audio.mp3; path = moonriver.mp3; sourceTree = "<group>"; };
		36EC1E172A6CBAC3009E5351 /* monoMoonriver.mp3 */ = {isa = PBXFileReference; lastKnownFileType = audio.mp3; path = monoMoonriver.mp3; sourceTree = "<group>"; };
		36EC1E1B2A6CCA81009E5351 /* PanView.swift */ = {isa = PBXFileReference; lastKnownFileType = sourcecode.swift; path = PanView.swift; sourceTree = "<group>"; };
		36F4198B2A46C62700B11D59 /* MotionStateView.swift */ = {isa = PBXFileReference; lastKnownFileType = sourcecode.swift; path = MotionStateView.swift; sourceTree = "<group>"; };
		36F4198D2A46D4FF00B11D59 /* gs_instruments.dls */ = {isa = PBXFileReference; lastKnownFileType = file; path = gs_instruments.dls; sourceTree = "<group>"; };
		36F419912A49964D00B11D59 /* MainNavigation.swift */ = {isa = PBXFileReference; lastKnownFileType = sourcecode.swift; path = MainNavigation.swift; sourceTree = "<group>"; };
		36F419972A5718DD00B11D59 /* MusicInfo.swift */ = {isa = PBXFileReference; lastKnownFileType = sourcecode.swift; path = MusicInfo.swift; sourceTree = "<group>"; };
		36F4199B2A6672AB00B11D59 /* MoonRiver.json */ = {isa = PBXFileReference; lastKnownFileType = text.json; path = MoonRiver.json; sourceTree = "<group>"; };
/* End PBXFileReference section */

/* Begin PBXFrameworksBuildPhase section */
		366576D62A46B6C5008C166D /* Frameworks */ = {
			isa = PBXFrameworksBuildPhase;
			buildActionMask = 2147483647;
			files = (
			);
			runOnlyForDeploymentPostprocessing = 0;
		};
		366576E72A46B6C6008C166D /* Frameworks */ = {
			isa = PBXFrameworksBuildPhase;
			buildActionMask = 2147483647;
			files = (
			);
			runOnlyForDeploymentPostprocessing = 0;
		};
		366576F12A46B6C6008C166D /* Frameworks */ = {
			isa = PBXFrameworksBuildPhase;
			buildActionMask = 2147483647;
			files = (
			);
			runOnlyForDeploymentPostprocessing = 0;
		};
/* End PBXFrameworksBuildPhase section */

/* Begin PBXGroup section */
		361F1FE52A66CF8400CC2F5B /* Images */ = {
			isa = PBXGroup;
			children = (
				3698D58B2A7048BE0003C037 /* gameBackgroundSourceImage.jpeg */,
				3698D58F2A7049DF0003C037 /* gameBackgroundLayer.png */,
				3637F6C92A6A6023004FEB42 /* RabbitEyesClosed.png */,
				3664C3E02A695E2A004486EB /* Ellipse 846.png */,
				361F1FF82A66E24200CC2F5B /* apple.svg */,
				361F1FF42A66E23700CC2F5B /* 手机.svg */,
				361F1FF02A66DFF400CC2F5B /* 微信.svg */,
				3698D5732A6E908F0003C037 /* leaf.png */,
				3664C3E42A695E34004486EB /* rabbit.png */,
				3664C3EC2A6968FD004486EB /* rabbit2.png */,
				36A688582A68E7D300397F06 /* EnterRelax.png */,
				361F1FEC2A66D2EB00CC2F5B /* EnterCreate.png */,
				36D15EA72A72674900BC1967 /* ruling.png */,
				36D15EAB2A7280A200BC1967 /* songEnd.png */,
			);
			path = Images;
			sourceTree = "<group>";
		};
		365CF8002A6D67C70007A2CF /* scene */ = {
			isa = PBXGroup;
			children = (
				3698D5872A703D860003C037 /* giraffe0.dae */,
				3698D57F2A6EA7F90003C037 /* giraffe.dae */,
				365CF8052A6D67F90007A2CF /* head.dae */,
				365CF8092A6D68140007A2CF /* neck.dae */,
			);
			path = scene;
			sourceTree = "<group>";
		};
		366576D02A46B6C5008C166D = {
			isa = PBXGroup;
			children = (
				366576DB2A46B6C5008C166D /* yuedong002 */,
				366576ED2A46B6C6008C166D /* yuedong002Tests */,
				366576F72A46B6C6008C166D /* yuedong002UITests */,
				366576DA2A46B6C5008C166D /* Products */,
			);
			sourceTree = "<group>";
		};
		366576DA2A46B6C5008C166D /* Products */ = {
			isa = PBXGroup;
			children = (
				366576D92A46B6C5008C166D /* yuedong002.app */,
				366576EA2A46B6C6008C166D /* yuedong002Tests.xctest */,
				366576F42A46B6C6008C166D /* yuedong002UITests.xctest */,
			);
			name = Products;
			sourceTree = "<group>";
		};
		366576DB2A46B6C5008C166D /* yuedong002 */ = {
			isa = PBXGroup;
			children = (
				36F419952A57188A00B11D59 /* Data */,
				3665773A2A46B815008C166D /* MainContentView */,
				366577312A46B7CC008C166D /* Utils */,
				366577302A46B765008C166D /* UIModules2 */,
				366576DC2A46B6C5008C166D /* yuedong002App.swift */,
				366576DE2A46B6C5008C166D /* ContentView.swift */,
				366576E02A46B6C6008C166D /* Assets.xcassets */,
				366576E22A46B6C6008C166D /* yuedong002.entitlements */,
				366576E32A46B6C6008C166D /* Preview Content */,
			);
			path = yuedong002;
			sourceTree = "<group>";
		};
		366576E32A46B6C6008C166D /* Preview Content */ = {
			isa = PBXGroup;
			children = (
				366576E42A46B6C6008C166D /* Preview Assets.xcassets */,
			);
			path = "Preview Content";
			sourceTree = "<group>";
		};
		366576ED2A46B6C6008C166D /* yuedong002Tests */ = {
			isa = PBXGroup;
			children = (
				366576EE2A46B6C6008C166D /* yuedong002Tests.swift */,
			);
			path = yuedong002Tests;
			sourceTree = "<group>";
		};
		366576F72A46B6C6008C166D /* yuedong002UITests */ = {
			isa = PBXGroup;
			children = (
				366576F82A46B6C6008C166D /* yuedong002UITests.swift */,
				366576FA2A46B6C6008C166D /* yuedong002UITestsLaunchTests.swift */,
			);
			path = yuedong002UITests;
			sourceTree = "<group>";
		};
		366577072A46B6EC008C166D /* SoundFiles */ = {
			isa = PBXGroup;
			children = (
				3698D5832A6FDA510003C037 /* monoPianoD.mp3 */,
				365CF7FC2A6D0EF10007A2CF /* pianoA.mp3 */,
				36EC1E172A6CBAC3009E5351 /* monoMoonriver.mp3 */,
				36EC1E132A6BCEA1009E5351 /* moonriver.mp3 */,
				36F4198D2A46D4FF00B11D59 /* gs_instruments.dls */,
				3665772C2A46B75C008C166D /* 0614spatial_moonriver.mp3 */,
				3665770E2A46B723008C166D /* pianoB.mp3 */,
				3665770D2A46B723008C166D /* pianoC.mp3 */,
				366577092A46B722008C166D /* pianoC2.mp3 */,
				366577082A46B722008C166D /* pianoD.mp3 */,
				3665770B2A46B723008C166D /* pianoE.mp3 */,
				3665770F2A46B723008C166D /* pianoF.mp3 */,
				3665770C2A46B723008C166D /* pianoG.mp3 */,
				366577472A46B8B5008C166D /* soundVars.swift */,
			);
			path = SoundFiles;
			sourceTree = "<group>";
		};
		366577302A46B765008C166D /* UIModules2 */ = {
			isa = PBXGroup;
			children = (
				36F4198B2A46C62700B11D59 /* MotionStateView.swift */,
				36D15E9F2A71823600BC1967 /* DottedCircleView.swift */,
				36D15EA32A72398600BC1967 /* StyledGauge.swift */,
			);
			path = UIModules2;
			sourceTree = "<group>";
		};
		366577312A46B7CC008C166D /* Utils */ = {
			isa = PBXGroup;
			children = (
				366577432A46B83F008C166D /* serverRequests.swift */,
				366577362A46B7EF008C166D /* SoundSystem.swift */,
				366577322A46B7E6008C166D /* MotionManager.swift */,
				36EC1E0F2A6BCA82009E5351 /* SpatialAudio.swift */,
				3698D5712A6D76350003C037 /* GiraffeScene.swift */,
			);
			path = Utils;
			sourceTree = "<group>";
		};
		3665773A2A46B815008C166D /* MainContentView */ = {
			isa = PBXGroup;
			children = (
				3665773F2A46B832008C166D /* CreateMode.swift */,
				3665773B2A46B82A008C166D /* ContentView3.swift */,
				36F419912A49964D00B11D59 /* MainNavigation.swift */,
				361F1FE32A66CEEB00CC2F5B /* RelaxMode.swift */,
				3664C3DC2A68EB86004486EB /* SongSelectionView.swift */,
				3664C3E82A695E9D004486EB /* Relaxing.swift */,
				3637F6C72A6A5763004FEB42 /* Yue.swift */,
				36EC1E1B2A6CCA81009E5351 /* PanView.swift */,
				365CF7FA2A6CECD30007A2CF /* GameBoard.swift */,
				365CF80D2A6D68760007A2CF /* SwiftUIView.swift */,
				365121BB2A7285950071D1C1 /* CountScoreView.swift */,
			);
			path = MainContentView;
			sourceTree = "<group>";
		};
		36F419952A57188A00B11D59 /* Data */ = {
			isa = PBXGroup;
			children = (
				366577072A46B6EC008C166D /* SoundFiles */,
				361F1FE52A66CF8400CC2F5B /* Images */,
				365CF8002A6D67C70007A2CF /* scene */,
				36F419962A5718BE00B11D59 /* MusicInfo */,
			);
			path = Data;
			sourceTree = "<group>";
		};
		36F419962A5718BE00B11D59 /* MusicInfo */ = {
			isa = PBXGroup;
			children = (
				36F419972A5718DD00B11D59 /* MusicInfo.swift */,
				36F4199B2A6672AB00B11D59 /* MoonRiver.json */,
			);
			path = MusicInfo;
			sourceTree = "<group>";
		};
/* End PBXGroup section */

/* Begin PBXNativeTarget section */
		366576D82A46B6C5008C166D /* yuedong002 */ = {
			isa = PBXNativeTarget;
			buildConfigurationList = 366576FE2A46B6C6008C166D /* Build configuration list for PBXNativeTarget "yuedong002" */;
			buildPhases = (
				366576D52A46B6C5008C166D /* Sources */,
				366576D62A46B6C5008C166D /* Frameworks */,
				366576D72A46B6C5008C166D /* Resources */,
			);
			buildRules = (
			);
			dependencies = (
			);
			name = yuedong002;
			productName = yuedong002;
			productReference = 366576D92A46B6C5008C166D /* yuedong002.app */;
			productType = "com.apple.product-type.application";
		};
		366576E92A46B6C6008C166D /* yuedong002Tests */ = {
			isa = PBXNativeTarget;
			buildConfigurationList = 366577012A46B6C6008C166D /* Build configuration list for PBXNativeTarget "yuedong002Tests" */;
			buildPhases = (
				366576E62A46B6C6008C166D /* Sources */,
				366576E72A46B6C6008C166D /* Frameworks */,
				366576E82A46B6C6008C166D /* Resources */,
			);
			buildRules = (
			);
			dependencies = (
				366576EC2A46B6C6008C166D /* PBXTargetDependency */,
			);
			name = yuedong002Tests;
			productName = yuedong002Tests;
			productReference = 366576EA2A46B6C6008C166D /* yuedong002Tests.xctest */;
			productType = "com.apple.product-type.bundle.unit-test";
		};
		366576F32A46B6C6008C166D /* yuedong002UITests */ = {
			isa = PBXNativeTarget;
			buildConfigurationList = 366577042A46B6C6008C166D /* Build configuration list for PBXNativeTarget "yuedong002UITests" */;
			buildPhases = (
				366576F02A46B6C6008C166D /* Sources */,
				366576F12A46B6C6008C166D /* Frameworks */,
				366576F22A46B6C6008C166D /* Resources */,
			);
			buildRules = (
			);
			dependencies = (
				366576F62A46B6C6008C166D /* PBXTargetDependency */,
			);
			name = yuedong002UITests;
			productName = yuedong002UITests;
			productReference = 366576F42A46B6C6008C166D /* yuedong002UITests.xctest */;
			productType = "com.apple.product-type.bundle.ui-testing";
		};
/* End PBXNativeTarget section */

/* Begin PBXProject section */
		366576D12A46B6C5008C166D /* Project object */ = {
			isa = PBXProject;
			attributes = {
				BuildIndependentTargetsInParallel = 1;
				LastSwiftUpdateCheck = 1430;
				LastUpgradeCheck = 1430;
				TargetAttributes = {
					366576D82A46B6C5008C166D = {
						CreatedOnToolsVersion = 14.3.1;
					};
					366576E92A46B6C6008C166D = {
						CreatedOnToolsVersion = 14.3.1;
						TestTargetID = 366576D82A46B6C5008C166D;
					};
					366576F32A46B6C6008C166D = {
						CreatedOnToolsVersion = 14.3.1;
						TestTargetID = 366576D82A46B6C5008C166D;
					};
				};
			};
			buildConfigurationList = 366576D42A46B6C5008C166D /* Build configuration list for PBXProject "yuedong002" */;
			compatibilityVersion = "Xcode 14.0";
			developmentRegion = en;
			hasScannedForEncodings = 0;
			knownRegions = (
				en,
				Base,
			);
			mainGroup = 366576D02A46B6C5008C166D;
			productRefGroup = 366576DA2A46B6C5008C166D /* Products */;
			projectDirPath = "";
			projectRoot = "";
			targets = (
				366576D82A46B6C5008C166D /* yuedong002 */,
				366576E92A46B6C6008C166D /* yuedong002Tests */,
				366576F32A46B6C6008C166D /* yuedong002UITests */,
			);
		};
/* End PBXProject section */

/* Begin PBXResourcesBuildPhase section */
		366576D72A46B6C5008C166D /* Resources */ = {
			isa = PBXResourcesBuildPhase;
			buildActionMask = 2147483647;
			files = (
				36EC1E142A6BCEA2009E5351 /* moonriver.mp3 in Resources */,
				361F1FF52A66E23700CC2F5B /* 手机.svg in Resources */,
				361F1FF12A66DFF400CC2F5B /* 微信.svg in Resources */,
				3664C3E52A695E34004486EB /* rabbit.png in Resources */,
				36A688592A68E7D300397F06 /* EnterRelax.png in Resources */,
				3665772D2A46B75C008C166D /* 0614spatial_moonriver.mp3 in Resources */,
				366576E52A46B6C6008C166D /* Preview Assets.xcassets in Resources */,
				3664C3E12A695E2A004486EB /* Ellipse 846.png in Resources */,
				3664C3ED2A6968FD004486EB /* rabbit2.png in Resources */,
				3698D5902A7049DF0003C037 /* gameBackgroundLayer.png in Resources */,
				3665771F2A46B723008C166D /* pianoC.mp3 in Resources */,
				36EC1E182A6CBAC3009E5351 /* monoMoonriver.mp3 in Resources */,
				3698D5742A6E908F0003C037 /* leaf.png in Resources */,
				36F4198E2A46D4FF00B11D59 /* gs_instruments.dls in Resources */,
				36D15EA82A72674900BC1967 /* ruling.png in Resources */,
				3637F6CA2A6A6023004FEB42 /* RabbitEyesClosed.png in Resources */,
				366577132A46B723008C166D /* pianoC2.mp3 in Resources */,
				365CF80A2A6D68140007A2CF /* neck.dae in Resources */,
				3698D5842A6FDA510003C037 /* monoPianoD.mp3 in Resources */,
				366577222A46B723008C166D /* pianoB.mp3 in Resources */,
				361F1FF92A66E24200CC2F5B /* apple.svg in Resources */,
				366577252A46B723008C166D /* pianoF.mp3 in Resources */,
				361F1FED2A66D2EB00CC2F5B /* EnterCreate.png in Resources */,
				365CF8062A6D67F90007A2CF /* head.dae in Resources */,
				3698D5882A703D860003C037 /* giraffe0.dae in Resources */,
				365CF7FD2A6D0EF10007A2CF /* pianoA.mp3 in Resources */,
				366576E12A46B6C6008C166D /* Assets.xcassets in Resources */,
				3698D5802A6EA7F90003C037 /* giraffe.dae in Resources */,
				3698D58C2A7048BE0003C037 /* gameBackgroundSourceImage.jpeg in Resources */,
				366577192A46B723008C166D /* pianoE.mp3 in Resources */,
				3665771C2A46B723008C166D /* pianoG.mp3 in Resources */,
				36D15EAC2A7280A200BC1967 /* songEnd.png in Resources */,
				366577102A46B723008C166D /* pianoD.mp3 in Resources */,
			);
			runOnlyForDeploymentPostprocessing = 0;
		};
		366576E82A46B6C6008C166D /* Resources */ = {
			isa = PBXResourcesBuildPhase;
			buildActionMask = 2147483647;
			files = (
				3698D5892A703D860003C037 /* giraffe0.dae in Resources */,
				3664C3EE2A6968FD004486EB /* rabbit2.png in Resources */,
				361F1FF62A66E23700CC2F5B /* 手机.svg in Resources */,
				36F4198F2A46D4FF00B11D59 /* gs_instruments.dls in Resources */,
				3664C3E22A695E2A004486EB /* Ellipse 846.png in Resources */,
				36EC1E152A6BCEA2009E5351 /* moonriver.mp3 in Resources */,
				366577202A46B723008C166D /* pianoC.mp3 in Resources */,
				3665771D2A46B723008C166D /* pianoG.mp3 in Resources */,
				36A6885A2A68E7D300397F06 /* EnterRelax.png in Resources */,
				365CF8072A6D67F90007A2CF /* head.dae in Resources */,
				3637F6CB2A6A6023004FEB42 /* RabbitEyesClosed.png in Resources */,
				3665771A2A46B723008C166D /* pianoE.mp3 in Resources */,
				3698D58D2A7048BE0003C037 /* gameBackgroundSourceImage.jpeg in Resources */,
				3698D5752A6E908F0003C037 /* leaf.png in Resources */,
				366577232A46B723008C166D /* pianoB.mp3 in Resources */,
				365CF7FE2A6D0EF10007A2CF /* pianoA.mp3 in Resources */,
				366577112A46B723008C166D /* pianoD.mp3 in Resources */,
				3665772E2A46B75C008C166D /* 0614spatial_moonriver.mp3 in Resources */,
				365CF80B2A6D68140007A2CF /* neck.dae in Resources */,
				36EC1E192A6CBAC3009E5351 /* monoMoonriver.mp3 in Resources */,
				361F1FEE2A66D2EB00CC2F5B /* EnterCreate.png in Resources */,
				361F1FFA2A66E24200CC2F5B /* apple.svg in Resources */,
				36D15EA92A72674900BC1967 /* ruling.png in Resources */,
				3698D5852A6FDA510003C037 /* monoPianoD.mp3 in Resources */,
				3664C3E62A695E34004486EB /* rabbit.png in Resources */,
				36D15EAD2A7280A200BC1967 /* songEnd.png in Resources */,
				3698D5812A6EA7F90003C037 /* giraffe.dae in Resources */,
				366577262A46B723008C166D /* pianoF.mp3 in Resources */,
				366577142A46B723008C166D /* pianoC2.mp3 in Resources */,
				361F1FF22A66DFF400CC2F5B /* 微信.svg in Resources */,
				3698D5912A7049DF0003C037 /* gameBackgroundLayer.png in Resources */,
			);
			runOnlyForDeploymentPostprocessing = 0;
		};
		366576F22A46B6C6008C166D /* Resources */ = {
			isa = PBXResourcesBuildPhase;
			buildActionMask = 2147483647;
			files = (
				3698D58A2A703D860003C037 /* giraffe0.dae in Resources */,
				3664C3EF2A6968FD004486EB /* rabbit2.png in Resources */,
				361F1FF72A66E23700CC2F5B /* 手机.svg in Resources */,
				36F419902A46D4FF00B11D59 /* gs_instruments.dls in Resources */,
				3664C3E32A695E2A004486EB /* Ellipse 846.png in Resources */,
				36EC1E162A6BCEA2009E5351 /* moonriver.mp3 in Resources */,
				366577212A46B723008C166D /* pianoC.mp3 in Resources */,
				3665771E2A46B723008C166D /* pianoG.mp3 in Resources */,
				36A6885B2A68E7D300397F06 /* EnterRelax.png in Resources */,
				365CF8082A6D67F90007A2CF /* head.dae in Resources */,
				3637F6CC2A6A6023004FEB42 /* RabbitEyesClosed.png in Resources */,
				3665771B2A46B723008C166D /* pianoE.mp3 in Resources */,
				3698D58E2A7048BE0003C037 /* gameBackgroundSourceImage.jpeg in Resources */,
				3698D5762A6E908F0003C037 /* leaf.png in Resources */,
				366577242A46B723008C166D /* pianoB.mp3 in Resources */,
				365CF7FF2A6D0EF10007A2CF /* pianoA.mp3 in Resources */,
				366577122A46B723008C166D /* pianoD.mp3 in Resources */,
				3665772F2A46B75C008C166D /* 0614spatial_moonriver.mp3 in Resources */,
				365CF80C2A6D68140007A2CF /* neck.dae in Resources */,
				36EC1E1A2A6CBAC3009E5351 /* monoMoonriver.mp3 in Resources */,
				361F1FEF2A66D2EB00CC2F5B /* EnterCreate.png in Resources */,
				361F1FFB2A66E24200CC2F5B /* apple.svg in Resources */,
				36D15EAA2A72674900BC1967 /* ruling.png in Resources */,
				3698D5862A6FDA510003C037 /* monoPianoD.mp3 in Resources */,
				3664C3E72A695E34004486EB /* rabbit.png in Resources */,
				36D15EAE2A7280A200BC1967 /* songEnd.png in Resources */,
				3698D5822A6EA7F90003C037 /* giraffe.dae in Resources */,
				366577272A46B723008C166D /* pianoF.mp3 in Resources */,
				366577152A46B723008C166D /* pianoC2.mp3 in Resources */,
				361F1FF32A66DFF400CC2F5B /* 微信.svg in Resources */,
				3698D5922A7049DF0003C037 /* gameBackgroundLayer.png in Resources */,
			);
			runOnlyForDeploymentPostprocessing = 0;
		};
/* End PBXResourcesBuildPhase section */

/* Begin PBXSourcesBuildPhase section */
		366576D52A46B6C5008C166D /* Sources */ = {
			isa = PBXSourcesBuildPhase;
			buildActionMask = 2147483647;
			files = (
				366577402A46B832008C166D /* CreateMode.swift in Sources */,
				3637F6C82A6A5763004FEB42 /* Yue.swift in Sources */,
				3664C3E92A695E9D004486EB /* Relaxing.swift in Sources */,
				366576DF2A46B6C5008C166D /* ContentView.swift in Sources */,
				366577332A46B7E6008C166D /* MotionManager.swift in Sources */,
				3664C3DD2A68EB86004486EB /* SongSelectionView.swift in Sources */,
				366577372A46B7EF008C166D /* SoundSystem.swift in Sources */,
				36F419922A49964D00B11D59 /* MainNavigation.swift in Sources */,
				3665773C2A46B82A008C166D /* ContentView3.swift in Sources */,
				365CF80E2A6D68760007A2CF /* SwiftUIView.swift in Sources */,
				36D15EA42A72398600BC1967 /* StyledGauge.swift in Sources */,
				36D15EA02A71823600BC1967 /* DottedCircleView.swift in Sources */,
				366577442A46B83F008C166D /* serverRequests.swift in Sources */,
				365CF7FB2A6CECD30007A2CF /* GameBoard.swift in Sources */,
				366576DD2A46B6C5008C166D /* yuedong002App.swift in Sources */,
				365121BC2A7285950071D1C1 /* CountScoreView.swift in Sources */,
				36F4198C2A46C62700B11D59 /* MotionStateView.swift in Sources */,
				366577482A46B8B5008C166D /* soundVars.swift in Sources */,
				3698D5722A6D76350003C037 /* GiraffeScene.swift in Sources */,
				36EC1E102A6BCA82009E5351 /* SpatialAudio.swift in Sources */,
				36EC1E1C2A6CCA81009E5351 /* PanView.swift in Sources */,
				36F419982A5718DD00B11D59 /* MusicInfo.swift in Sources */,
				361F1FE42A66CEEB00CC2F5B /* RelaxMode.swift in Sources */,
			);
			runOnlyForDeploymentPostprocessing = 0;
		};
		366576E62A46B6C6008C166D /* Sources */ = {
			isa = PBXSourcesBuildPhase;
			buildActionMask = 2147483647;
			files = (
				3664C3EA2A695E9D004486EB /* Relaxing.swift in Sources */,
				36D15EA12A71823600BC1967 /* DottedCircleView.swift in Sources */,
				36EC1E112A6BCA82009E5351 /* SpatialAudio.swift in Sources */,
				365121BD2A7285950071D1C1 /* CountScoreView.swift in Sources */,
				3664C3DE2A68EB86004486EB /* SongSelectionView.swift in Sources */,
				366576EF2A46B6C6008C166D /* yuedong002Tests.swift in Sources */,
				36EC1E1D2A6CCA81009E5351 /* PanView.swift in Sources */,
				366577412A46B832008C166D /* CreateMode.swift in Sources */,
				366577382A46B7EF008C166D /* SoundSystem.swift in Sources */,
				3665773D2A46B82A008C166D /* ContentView3.swift in Sources */,
				365CF80F2A6D68760007A2CF /* SwiftUIView.swift in Sources */,
				36D15EA52A72398600BC1967 /* StyledGauge.swift in Sources */,
				36F419932A49964D00B11D59 /* MainNavigation.swift in Sources */,
				366577492A46B8B5008C166D /* soundVars.swift in Sources */,
				36F419992A5718DD00B11D59 /* MusicInfo.swift in Sources */,
				366577452A46B83F008C166D /* serverRequests.swift in Sources */,
				366577342A46B7E6008C166D /* MotionManager.swift in Sources */,
			);
			runOnlyForDeploymentPostprocessing = 0;
		};
		366576F02A46B6C6008C166D /* Sources */ = {
			isa = PBXSourcesBuildPhase;
			buildActionMask = 2147483647;
			files = (
				366577422A46B832008C166D /* CreateMode.swift in Sources */,
				366576F92A46B6C6008C166D /* yuedong002UITests.swift in Sources */,
				36D15EA22A71823600BC1967 /* DottedCircleView.swift in Sources */,
				365121BE2A7285950071D1C1 /* CountScoreView.swift in Sources */,
				366577352A46B7E6008C166D /* MotionManager.swift in Sources */,
				36EC1E122A6BCA82009E5351 /* SpatialAudio.swift in Sources */,
				36F4199A2A5718DD00B11D59 /* MusicInfo.swift in Sources */,
				36F419942A49964D00B11D59 /* MainNavigation.swift in Sources */,
				366577392A46B7EF008C166D /* SoundSystem.swift in Sources */,
				3665773E2A46B82A008C166D /* ContentView3.swift in Sources */,
				36EC1E1E2A6CCA81009E5351 /* PanView.swift in Sources */,
				36D15EA62A72398600BC1967 /* StyledGauge.swift in Sources */,
				3664C3EB2A695E9D004486EB /* Relaxing.swift in Sources */,
				366577462A46B83F008C166D /* serverRequests.swift in Sources */,
				366576FB2A46B6C6008C166D /* yuedong002UITestsLaunchTests.swift in Sources */,
				3664C3DF2A68EB86004486EB /* SongSelectionView.swift in Sources */,
				3665774A2A46B8B5008C166D /* soundVars.swift in Sources */,
				365CF8102A6D68760007A2CF /* SwiftUIView.swift in Sources */,
			);
			runOnlyForDeploymentPostprocessing = 0;
		};
/* End PBXSourcesBuildPhase section */

/* Begin PBXTargetDependency section */
		366576EC2A46B6C6008C166D /* PBXTargetDependency */ = {
			isa = PBXTargetDependency;
			target = 366576D82A46B6C5008C166D /* yuedong002 */;
			targetProxy = 366576EB2A46B6C6008C166D /* PBXContainerItemProxy */;
		};
		366576F62A46B6C6008C166D /* PBXTargetDependency */ = {
			isa = PBXTargetDependency;
			target = 366576D82A46B6C5008C166D /* yuedong002 */;
			targetProxy = 366576F52A46B6C6008C166D /* PBXContainerItemProxy */;
		};
/* End PBXTargetDependency section */

/* Begin XCBuildConfiguration section */
		366576FC2A46B6C6008C166D /* Debug */ = {
			isa = XCBuildConfiguration;
			buildSettings = {
				ALWAYS_SEARCH_USER_PATHS = NO;
				CLANG_ANALYZER_NONNULL = YES;
				CLANG_ANALYZER_NUMBER_OBJECT_CONVERSION = YES_AGGRESSIVE;
				CLANG_CXX_LANGUAGE_STANDARD = "gnu++20";
				CLANG_ENABLE_MODULES = YES;
				CLANG_ENABLE_OBJC_ARC = YES;
				CLANG_ENABLE_OBJC_WEAK = YES;
				CLANG_WARN_BLOCK_CAPTURE_AUTORELEASING = YES;
				CLANG_WARN_BOOL_CONVERSION = YES;
				CLANG_WARN_COMMA = YES;
				CLANG_WARN_CONSTANT_CONVERSION = YES;
				CLANG_WARN_DEPRECATED_OBJC_IMPLEMENTATIONS = YES;
				CLANG_WARN_DIRECT_OBJC_ISA_USAGE = YES_ERROR;
				CLANG_WARN_DOCUMENTATION_COMMENTS = YES;
				CLANG_WARN_EMPTY_BODY = YES;
				CLANG_WARN_ENUM_CONVERSION = YES;
				CLANG_WARN_INFINITE_RECURSION = YES;
				CLANG_WARN_INT_CONVERSION = YES;
				CLANG_WARN_NON_LITERAL_NULL_CONVERSION = YES;
				CLANG_WARN_OBJC_IMPLICIT_RETAIN_SELF = YES;
				CLANG_WARN_OBJC_LITERAL_CONVERSION = YES;
				CLANG_WARN_OBJC_ROOT_CLASS = YES_ERROR;
				CLANG_WARN_QUOTED_INCLUDE_IN_FRAMEWORK_HEADER = YES;
				CLANG_WARN_RANGE_LOOP_ANALYSIS = YES;
				CLANG_WARN_STRICT_PROTOTYPES = YES;
				CLANG_WARN_SUSPICIOUS_MOVE = YES;
				CLANG_WARN_UNGUARDED_AVAILABILITY = YES_AGGRESSIVE;
				CLANG_WARN_UNREACHABLE_CODE = YES;
				CLANG_WARN__DUPLICATE_METHOD_MATCH = YES;
				COPY_PHASE_STRIP = NO;
				DEBUG_INFORMATION_FORMAT = dwarf;
				ENABLE_STRICT_OBJC_MSGSEND = YES;
				ENABLE_TESTABILITY = YES;
				GCC_C_LANGUAGE_STANDARD = gnu11;
				GCC_DYNAMIC_NO_PIC = NO;
				GCC_NO_COMMON_BLOCKS = YES;
				GCC_OPTIMIZATION_LEVEL = 0;
				GCC_PREPROCESSOR_DEFINITIONS = (
					"DEBUG=1",
					"$(inherited)",
				);
				GCC_WARN_64_TO_32_BIT_CONVERSION = YES;
				GCC_WARN_ABOUT_RETURN_TYPE = YES_ERROR;
				GCC_WARN_UNDECLARED_SELECTOR = YES;
				GCC_WARN_UNINITIALIZED_AUTOS = YES_AGGRESSIVE;
				GCC_WARN_UNUSED_FUNCTION = YES;
				GCC_WARN_UNUSED_VARIABLE = YES;
				IPHONEOS_DEPLOYMENT_TARGET = 16.1;
				MTL_ENABLE_DEBUG_INFO = INCLUDE_SOURCE;
				MTL_FAST_MATH = YES;
				ONLY_ACTIVE_ARCH = YES;
				SWIFT_ACTIVE_COMPILATION_CONDITIONS = DEBUG;
				SWIFT_OPTIMIZATION_LEVEL = "-Onone";
			};
			name = Debug;
		};
		366576FD2A46B6C6008C166D /* Release */ = {
			isa = XCBuildConfiguration;
			buildSettings = {
				ALWAYS_SEARCH_USER_PATHS = NO;
				CLANG_ANALYZER_NONNULL = YES;
				CLANG_ANALYZER_NUMBER_OBJECT_CONVERSION = YES_AGGRESSIVE;
				CLANG_CXX_LANGUAGE_STANDARD = "gnu++20";
				CLANG_ENABLE_MODULES = YES;
				CLANG_ENABLE_OBJC_ARC = YES;
				CLANG_ENABLE_OBJC_WEAK = YES;
				CLANG_WARN_BLOCK_CAPTURE_AUTORELEASING = YES;
				CLANG_WARN_BOOL_CONVERSION = YES;
				CLANG_WARN_COMMA = YES;
				CLANG_WARN_CONSTANT_CONVERSION = YES;
				CLANG_WARN_DEPRECATED_OBJC_IMPLEMENTATIONS = YES;
				CLANG_WARN_DIRECT_OBJC_ISA_USAGE = YES_ERROR;
				CLANG_WARN_DOCUMENTATION_COMMENTS = YES;
				CLANG_WARN_EMPTY_BODY = YES;
				CLANG_WARN_ENUM_CONVERSION = YES;
				CLANG_WARN_INFINITE_RECURSION = YES;
				CLANG_WARN_INT_CONVERSION = YES;
				CLANG_WARN_NON_LITERAL_NULL_CONVERSION = YES;
				CLANG_WARN_OBJC_IMPLICIT_RETAIN_SELF = YES;
				CLANG_WARN_OBJC_LITERAL_CONVERSION = YES;
				CLANG_WARN_OBJC_ROOT_CLASS = YES_ERROR;
				CLANG_WARN_QUOTED_INCLUDE_IN_FRAMEWORK_HEADER = YES;
				CLANG_WARN_RANGE_LOOP_ANALYSIS = YES;
				CLANG_WARN_STRICT_PROTOTYPES = YES;
				CLANG_WARN_SUSPICIOUS_MOVE = YES;
				CLANG_WARN_UNGUARDED_AVAILABILITY = YES_AGGRESSIVE;
				CLANG_WARN_UNREACHABLE_CODE = YES;
				CLANG_WARN__DUPLICATE_METHOD_MATCH = YES;
				COPY_PHASE_STRIP = NO;
				DEBUG_INFORMATION_FORMAT = "dwarf-with-dsym";
				ENABLE_NS_ASSERTIONS = NO;
				ENABLE_STRICT_OBJC_MSGSEND = YES;
				GCC_C_LANGUAGE_STANDARD = gnu11;
				GCC_NO_COMMON_BLOCKS = YES;
				GCC_WARN_64_TO_32_BIT_CONVERSION = YES;
				GCC_WARN_ABOUT_RETURN_TYPE = YES_ERROR;
				GCC_WARN_UNDECLARED_SELECTOR = YES;
				GCC_WARN_UNINITIALIZED_AUTOS = YES_AGGRESSIVE;
				GCC_WARN_UNUSED_FUNCTION = YES;
				GCC_WARN_UNUSED_VARIABLE = YES;
				IPHONEOS_DEPLOYMENT_TARGET = 16.1;
				MTL_ENABLE_DEBUG_INFO = NO;
				MTL_FAST_MATH = YES;
				SWIFT_COMPILATION_MODE = wholemodule;
				SWIFT_OPTIMIZATION_LEVEL = "-O";
			};
			name = Release;
		};
		366576FF2A46B6C6008C166D /* Debug */ = {
			isa = XCBuildConfiguration;
			buildSettings = {
				ASSETCATALOG_COMPILER_APPICON_NAME = AppIcon;
				ASSETCATALOG_COMPILER_GLOBAL_ACCENT_COLOR_NAME = AccentColor;
				CODE_SIGN_ENTITLEMENTS = yuedong002/yuedong002.entitlements;
				CODE_SIGN_STYLE = Automatic;
				CURRENT_PROJECT_VERSION = 1;
				DEVELOPMENT_ASSET_PATHS = "\"yuedong002/Preview Content\"";
				DEVELOPMENT_TEAM = BT6L7Y3CS4;
				ENABLE_HARDENED_RUNTIME = YES;
				ENABLE_PREVIEWS = YES;
				GENERATE_INFOPLIST_FILE = YES;
				INFOPLIST_KEY_LSApplicationCategoryType = "";
				INFOPLIST_KEY_NSMotionUsageDescription = "detect head movement to play";
				"INFOPLIST_KEY_UIApplicationSceneManifest_Generation[sdk=iphoneos*]" = YES;
				"INFOPLIST_KEY_UIApplicationSceneManifest_Generation[sdk=iphonesimulator*]" = YES;
				"INFOPLIST_KEY_UIApplicationSupportsIndirectInputEvents[sdk=iphoneos*]" = YES;
				"INFOPLIST_KEY_UIApplicationSupportsIndirectInputEvents[sdk=iphonesimulator*]" = YES;
				"INFOPLIST_KEY_UILaunchScreen_Generation[sdk=iphoneos*]" = YES;
				"INFOPLIST_KEY_UILaunchScreen_Generation[sdk=iphonesimulator*]" = YES;
				"INFOPLIST_KEY_UIStatusBarStyle[sdk=iphoneos*]" = UIStatusBarStyleDefault;
				"INFOPLIST_KEY_UIStatusBarStyle[sdk=iphonesimulator*]" = UIStatusBarStyleDefault;
				INFOPLIST_KEY_UISupportedInterfaceOrientations_iPad = "UIInterfaceOrientationPortrait UIInterfaceOrientationPortraitUpsideDown UIInterfaceOrientationLandscapeLeft UIInterfaceOrientationLandscapeRight";
				INFOPLIST_KEY_UISupportedInterfaceOrientations_iPhone = "UIInterfaceOrientationPortrait UIInterfaceOrientationLandscapeLeft UIInterfaceOrientationLandscapeRight";
				IPHONEOS_DEPLOYMENT_TARGET = 16.4;
				LD_RUNPATH_SEARCH_PATHS = "@executable_path/Frameworks";
				"LD_RUNPATH_SEARCH_PATHS[sdk=macosx*]" = "@executable_path/../Frameworks";
				MACOSX_DEPLOYMENT_TARGET = 13.1;
				MARKETING_VERSION = 1.0;
				NEW_SETTING = "";
				PRODUCT_BUNDLE_IDENTIFIER = cn.jinsns.yuedong002;
				PRODUCT_NAME = "$(TARGET_NAME)";
				SDKROOT = auto;
				SUPPORTED_PLATFORMS = "iphoneos iphonesimulator macosx";
				SWIFT_EMIT_LOC_STRINGS = YES;
				SWIFT_VERSION = 5.0;
				TARGETED_DEVICE_FAMILY = "1,2";
			};
			name = Debug;
		};
		366577002A46B6C6008C166D /* Release */ = {
			isa = XCBuildConfiguration;
			buildSettings = {
				ASSETCATALOG_COMPILER_APPICON_NAME = AppIcon;
				ASSETCATALOG_COMPILER_GLOBAL_ACCENT_COLOR_NAME = AccentColor;
				CODE_SIGN_ENTITLEMENTS = yuedong002/yuedong002.entitlements;
				CODE_SIGN_STYLE = Automatic;
				CURRENT_PROJECT_VERSION = 1;
				DEVELOPMENT_ASSET_PATHS = "\"yuedong002/Preview Content\"";
				DEVELOPMENT_TEAM = BT6L7Y3CS4;
				ENABLE_HARDENED_RUNTIME = YES;
				ENABLE_PREVIEWS = YES;
				GENERATE_INFOPLIST_FILE = YES;
				INFOPLIST_KEY_LSApplicationCategoryType = "";
				INFOPLIST_KEY_NSMotionUsageDescription = "detect head movement to play";
				"INFOPLIST_KEY_UIApplicationSceneManifest_Generation[sdk=iphoneos*]" = YES;
				"INFOPLIST_KEY_UIApplicationSceneManifest_Generation[sdk=iphonesimulator*]" = YES;
				"INFOPLIST_KEY_UIApplicationSupportsIndirectInputEvents[sdk=iphoneos*]" = YES;
				"INFOPLIST_KEY_UIApplicationSupportsIndirectInputEvents[sdk=iphonesimulator*]" = YES;
				"INFOPLIST_KEY_UILaunchScreen_Generation[sdk=iphoneos*]" = YES;
				"INFOPLIST_KEY_UILaunchScreen_Generation[sdk=iphonesimulator*]" = YES;
				"INFOPLIST_KEY_UIStatusBarStyle[sdk=iphoneos*]" = UIStatusBarStyleDefault;
				"INFOPLIST_KEY_UIStatusBarStyle[sdk=iphonesimulator*]" = UIStatusBarStyleDefault;
				INFOPLIST_KEY_UISupportedInterfaceOrientations_iPad = "UIInterfaceOrientationPortrait UIInterfaceOrientationPortraitUpsideDown UIInterfaceOrientationLandscapeLeft UIInterfaceOrientationLandscapeRight";
				INFOPLIST_KEY_UISupportedInterfaceOrientations_iPhone = "UIInterfaceOrientationPortrait UIInterfaceOrientationLandscapeLeft UIInterfaceOrientationLandscapeRight";
				IPHONEOS_DEPLOYMENT_TARGET = 16.4;
				LD_RUNPATH_SEARCH_PATHS = "@executable_path/Frameworks";
				"LD_RUNPATH_SEARCH_PATHS[sdk=macosx*]" = "@executable_path/../Frameworks";
				MACOSX_DEPLOYMENT_TARGET = 13.1;
				MARKETING_VERSION = 1.0;
				NEW_SETTING = "";
				PRODUCT_BUNDLE_IDENTIFIER = cn.jinsns.yuedong002;
				PRODUCT_NAME = "$(TARGET_NAME)";
				SDKROOT = auto;
				SUPPORTED_PLATFORMS = "iphoneos iphonesimulator macosx";
				SWIFT_EMIT_LOC_STRINGS = YES;
				SWIFT_VERSION = 5.0;
				TARGETED_DEVICE_FAMILY = "1,2";
			};
			name = Release;
		};
		366577022A46B6C6008C166D /* Debug */ = {
			isa = XCBuildConfiguration;
			buildSettings = {
				ALWAYS_EMBED_SWIFT_STANDARD_LIBRARIES = YES;
				BUNDLE_LOADER = "$(TEST_HOST)";
				CODE_SIGN_STYLE = Automatic;
				CURRENT_PROJECT_VERSION = 1;
				DEVELOPMENT_TEAM = BT6L7Y3CS4;
				GENERATE_INFOPLIST_FILE = YES;
				IPHONEOS_DEPLOYMENT_TARGET = 16.4;
				MACOSX_DEPLOYMENT_TARGET = 13.1;
				MARKETING_VERSION = 1.0;
				PRODUCT_BUNDLE_IDENTIFIER = cn.jinsns.yuedong002Tests;
				PRODUCT_NAME = "$(TARGET_NAME)";
				SDKROOT = auto;
				SUPPORTED_PLATFORMS = "iphoneos iphonesimulator macosx";
				SWIFT_EMIT_LOC_STRINGS = NO;
				SWIFT_VERSION = 5.0;
				TARGETED_DEVICE_FAMILY = "1,2";
				TEST_HOST = "$(BUILT_PRODUCTS_DIR)/yuedong002.app/$(BUNDLE_EXECUTABLE_FOLDER_PATH)/yuedong002";
			};
			name = Debug;
		};
		366577032A46B6C6008C166D /* Release */ = {
			isa = XCBuildConfiguration;
			buildSettings = {
				ALWAYS_EMBED_SWIFT_STANDARD_LIBRARIES = YES;
				BUNDLE_LOADER = "$(TEST_HOST)";
				CODE_SIGN_STYLE = Automatic;
				CURRENT_PROJECT_VERSION = 1;
				DEVELOPMENT_TEAM = BT6L7Y3CS4;
				GENERATE_INFOPLIST_FILE = YES;
				IPHONEOS_DEPLOYMENT_TARGET = 16.4;
				MACOSX_DEPLOYMENT_TARGET = 13.1;
				MARKETING_VERSION = 1.0;
				PRODUCT_BUNDLE_IDENTIFIER = cn.jinsns.yuedong002Tests;
				PRODUCT_NAME = "$(TARGET_NAME)";
				SDKROOT = auto;
				SUPPORTED_PLATFORMS = "iphoneos iphonesimulator macosx";
				SWIFT_EMIT_LOC_STRINGS = NO;
				SWIFT_VERSION = 5.0;
				TARGETED_DEVICE_FAMILY = "1,2";
				TEST_HOST = "$(BUILT_PRODUCTS_DIR)/yuedong002.app/$(BUNDLE_EXECUTABLE_FOLDER_PATH)/yuedong002";
			};
			name = Release;
		};
		366577052A46B6C6008C166D /* Debug */ = {
			isa = XCBuildConfiguration;
			buildSettings = {
				ALWAYS_EMBED_SWIFT_STANDARD_LIBRARIES = YES;
				CODE_SIGN_STYLE = Automatic;
				CURRENT_PROJECT_VERSION = 1;
				DEVELOPMENT_TEAM = BT6L7Y3CS4;
				GENERATE_INFOPLIST_FILE = YES;
				IPHONEOS_DEPLOYMENT_TARGET = 16.4;
				MACOSX_DEPLOYMENT_TARGET = 13.1;
				MARKETING_VERSION = 1.0;
				PRODUCT_BUNDLE_IDENTIFIER = cn.jinsns.yuedong002UITests;
				PRODUCT_NAME = "$(TARGET_NAME)";
				SDKROOT = auto;
				SUPPORTED_PLATFORMS = "iphoneos iphonesimulator macosx";
				SWIFT_EMIT_LOC_STRINGS = NO;
				SWIFT_VERSION = 5.0;
				TARGETED_DEVICE_FAMILY = "1,2";
				TEST_TARGET_NAME = yuedong002;
			};
			name = Debug;
		};
		366577062A46B6C6008C166D /* Release */ = {
			isa = XCBuildConfiguration;
			buildSettings = {
				ALWAYS_EMBED_SWIFT_STANDARD_LIBRARIES = YES;
				CODE_SIGN_STYLE = Automatic;
				CURRENT_PROJECT_VERSION = 1;
				DEVELOPMENT_TEAM = BT6L7Y3CS4;
				GENERATE_INFOPLIST_FILE = YES;
				IPHONEOS_DEPLOYMENT_TARGET = 16.4;
				MACOSX_DEPLOYMENT_TARGET = 13.1;
				MARKETING_VERSION = 1.0;
				PRODUCT_BUNDLE_IDENTIFIER = cn.jinsns.yuedong002UITests;
				PRODUCT_NAME = "$(TARGET_NAME)";
				SDKROOT = auto;
				SUPPORTED_PLATFORMS = "iphoneos iphonesimulator macosx";
				SWIFT_EMIT_LOC_STRINGS = NO;
				SWIFT_VERSION = 5.0;
				TARGETED_DEVICE_FAMILY = "1,2";
				TEST_TARGET_NAME = yuedong002;
			};
			name = Release;
		};
/* End XCBuildConfiguration section */

/* Begin XCConfigurationList section */
		366576D42A46B6C5008C166D /* Build configuration list for PBXProject "yuedong002" */ = {
			isa = XCConfigurationList;
			buildConfigurations = (
				366576FC2A46B6C6008C166D /* Debug */,
				366576FD2A46B6C6008C166D /* Release */,
			);
			defaultConfigurationIsVisible = 0;
			defaultConfigurationName = Release;
		};
		366576FE2A46B6C6008C166D /* Build configuration list for PBXNativeTarget "yuedong002" */ = {
			isa = XCConfigurationList;
			buildConfigurations = (
				366576FF2A46B6C6008C166D /* Debug */,
				366577002A46B6C6008C166D /* Release */,
			);
			defaultConfigurationIsVisible = 0;
			defaultConfigurationName = Release;
		};
		366577012A46B6C6008C166D /* Build configuration list for PBXNativeTarget "yuedong002Tests" */ = {
			isa = XCConfigurationList;
			buildConfigurations = (
				366577022A46B6C6008C166D /* Debug */,
				366577032A46B6C6008C166D /* Release */,
			);
			defaultConfigurationIsVisible = 0;
			defaultConfigurationName = Release;
		};
		366577042A46B6C6008C166D /* Build configuration list for PBXNativeTarget "yuedong002UITests" */ = {
			isa = XCConfigurationList;
			buildConfigurations = (
				366577052A46B6C6008C166D /* Debug */,
				366577062A46B6C6008C166D /* Release */,
			);
			defaultConfigurationIsVisible = 0;
			defaultConfigurationName = Release;
		};
/* End XCConfigurationList section */
	};
	rootObject = 366576D12A46B6C5008C166D /* Project object */;
}
